
Microsoft Visual Studio Solution File, Format Version 12.00
# Visual Studio Version 17
VisualStudioVersion = 17.4.33213.308
MinimumVisualStudioVersion = 10.0.40219.1
Project("{FAE04EC0-301F-11D3-BF4B-00C04F79EFBC}") = "Labb3", "Labb3.csproj", "{4F64DD97-77FB-43F9-BC30-7876869156B0}"
EndProject
Global
	GlobalSection(SolutionConfigurationPlatforms) = preSolution
		Debug|Any CPU = Debug|Any CPU
		Release|Any CPU = Release|Any CPU
	EndGlobalSection
	GlobalSection(ProjectConfigurationPlatforms) = postSolution
		{4F64DD97-77FB-43F9-BC30-7876869156B0}.Debug|Any CPU.ActiveCfg = Debug|Any CPU
		{4F64DD97-77FB-43F9-BC30-7876869156B0}.Debug|Any CPU.Build.0 = Debug|Any CPU
		{4F64DD97-77FB-43F9-BC30-7876869156B0}.Release|Any CPU.ActiveCfg = Release|Any CPU
		{4F64DD97-77FB-43F9-BC30-7876869156B0}.Release|Any CPU.Build.0 = Release|Any CPU
	EndGlobalSection
	GlobalSection(SolutionProperties) = preSolution
		HideSolutionNode = FALSE
	EndGlobalSection
	GlobalSection(ExtensibilityGlobals) = postSolution
		SolutionGuid = {FD0B9C4E-45B9-47DD-A163-3AA3782A86A5}
	EndGlobalSection
EndGlobal
